
Microsoft Visual Studio Solution File, Format Version 11.00
# Visual Studio 2010
Project("{FAE04EC0-301F-11D3-BF4B-00C04F79EFBC}") = "WebScraper.Web", "WebScraper\WebScraper.Web.csproj", "{8F8B4F06-FB47-4C2F-8139-20A6C88B787A}"
EndProject
Project("{FAE04EC0-301F-11D3-BF4B-00C04F79EFBC}") = "WellingtonTrains.Web", "WellingtonTrains.Web\WellingtonTrains.Web.csproj", "{9010E459-BBD0-4E4E-A898-8542077E8FA7}"
EndProject
Project("{FAE04EC0-301F-11D3-BF4B-00C04F79EFBC}") = "WellingtonTrains.Android", "WellingtonTrains.Android\WellingtonTrains.Android.csproj", "{D10A0575-D2DF-4A65-8068-309795CFBF6F}"
EndProject
Global
	GlobalSection(SolutionConfigurationPlatforms) = preSolution
		Debug|Any CPU = Debug|Any CPU
		Release|Any CPU = Release|Any CPU
	EndGlobalSection
	GlobalSection(ProjectConfigurationPlatforms) = postSolution
		{8F8B4F06-FB47-4C2F-8139-20A6C88B787A}.Debug|Any CPU.ActiveCfg = Debug|Any CPU
		{8F8B4F06-FB47-4C2F-8139-20A6C88B787A}.Debug|Any CPU.Build.0 = Debug|Any CPU
		{8F8B4F06-FB47-4C2F-8139-20A6C88B787A}.Release|Any CPU.ActiveCfg = Release|Any CPU
		{8F8B4F06-FB47-4C2F-8139-20A6C88B787A}.Release|Any CPU.Build.0 = Release|Any CPU
		{9010E459-BBD0-4E4E-A898-8542077E8FA7}.Debug|Any CPU.ActiveCfg = Debug|Any CPU
		{9010E459-BBD0-4E4E-A898-8542077E8FA7}.Debug|Any CPU.Build.0 = Debug|Any CPU
		{9010E459-BBD0-4E4E-A898-8542077E8FA7}.Release|Any CPU.ActiveCfg = Release|Any CPU
		{9010E459-BBD0-4E4E-A898-8542077E8FA7}.Release|Any CPU.Build.0 = Release|Any CPU
		{D10A0575-D2DF-4A65-8068-309795CFBF6F}.Debug|Any CPU.ActiveCfg = Debug|Any CPU
		{D10A0575-D2DF-4A65-8068-309795CFBF6F}.Debug|Any CPU.Build.0 = Debug|Any CPU
		{D10A0575-D2DF-4A65-8068-309795CFBF6F}.Release|Any CPU.ActiveCfg = Release|Any CPU
		{D10A0575-D2DF-4A65-8068-309795CFBF6F}.Release|Any CPU.Build.0 = Release|Any CPU
	EndGlobalSection
	GlobalSection(MonoDevelopProperties) = preSolution
		StartupItem = WellingtonTrains.Web\WellingtonTrains.Web.csproj
	EndGlobalSection
EndGlobal
